
Microsoft Visual Studio Solution File, Format Version 12.00
# Visual Studio Version 16
VisualStudioVersion = 16.0.29102.190
MinimumVisualStudioVersion = 10.0.40219.1
Project("{FAE04EC0-301F-11D3-BF4B-00C04F79EFBC}") = "SpecUI", "WpfApp1\SpecUI.csproj", "{F79F5656-2E49-49E9-9854-44EC74DF06A6}"
EndProject
Project("{FAE04EC0-301F-11D3-BF4B-00C04F79EFBC}") = "SpecPlugin", "SpecPlugin\SpecPlugin.csproj", "{911B3F1D-3D5C-4A99-9C9E-B7EDC8B3C1B3}"
EndProject
Global
	GlobalSection(SolutionConfigurationPlatforms) = preSolution
		Debug|Any CPU = Debug|Any CPU
		Release|Any CPU = Release|Any CPU
	EndGlobalSection
	GlobalSection(ProjectConfigurationPlatforms) = postSolution
		{F79F5656-2E49-49E9-9854-44EC74DF06A6}.Debug|Any CPU.ActiveCfg = Debug|Any CPU
		{F79F5656-2E49-49E9-9854-44EC74DF06A6}.Debug|Any CPU.Build.0 = Debug|Any CPU
		{F79F5656-2E49-49E9-9854-44EC74DF06A6}.Release|Any CPU.ActiveCfg = Release|Any CPU
		{F79F5656-2E49-49E9-9854-44EC74DF06A6}.Release|Any CPU.Build.0 = Release|Any CPU
		{911B3F1D-3D5C-4A99-9C9E-B7EDC8B3C1B3}.Debug|Any CPU.ActiveCfg = Debug|Any CPU
		{911B3F1D-3D5C-4A99-9C9E-B7EDC8B3C1B3}.Debug|Any CPU.Build.0 = Debug|Any CPU
		{911B3F1D-3D5C-4A99-9C9E-B7EDC8B3C1B3}.Release|Any CPU.ActiveCfg = Release|Any CPU
		{911B3F1D-3D5C-4A99-9C9E-B7EDC8B3C1B3}.Release|Any CPU.Build.0 = Release|Any CPU
	EndGlobalSection
	GlobalSection(SolutionProperties) = preSolution
		HideSolutionNode = FALSE
	EndGlobalSection
	GlobalSection(ExtensibilityGlobals) = postSolution
		SolutionGuid = {F6BFAAED-0BE4-49F3-BC73-2ECC975E17CE}
	EndGlobalSection
EndGlobal
